
Microsoft Visual Studio Solution File, Format Version 12.00
# Visual Studio Version 17
VisualStudioVersion = 17.10.34916.146
MinimumVisualStudioVersion = 10.0.40219.1
Project("{FAE04EC0-301F-11D3-BF4B-00C04F79EFBC}") = "TCPChatApp", "TCPChatApp\TCPChatApp.csproj", "{A11B3479-26DA-4D18-B138-AD0B5F6B69DC}"
EndProject
Project("{FAE04EC0-301F-11D3-BF4B-00C04F79EFBC}") = "TCPChatServer", "TCPChatServer\TCPChatServer.csproj", "{AF64ED29-7D66-4A0C-9470-6DCDD41DBD80}"
EndProject
Global
	GlobalSection(SolutionConfigurationPlatforms) = preSolution
		Debug|Any CPU = Debug|Any CPU
		Release|Any CPU = Release|Any CPU
	EndGlobalSection
	GlobalSection(ProjectConfigurationPlatforms) = postSolution
		{A11B3479-26DA-4D18-B138-AD0B5F6B69DC}.Debug|Any CPU.ActiveCfg = Debug|Any CPU
		{A11B3479-26DA-4D18-B138-AD0B5F6B69DC}.Debug|Any CPU.Build.0 = Debug|Any CPU
		{A11B3479-26DA-4D18-B138-AD0B5F6B69DC}.Release|Any CPU.ActiveCfg = Release|Any CPU
		{A11B3479-26DA-4D18-B138-AD0B5F6B69DC}.Release|Any CPU.Build.0 = Release|Any CPU
		{AF64ED29-7D66-4A0C-9470-6DCDD41DBD80}.Debug|Any CPU.ActiveCfg = Debug|Any CPU
		{AF64ED29-7D66-4A0C-9470-6DCDD41DBD80}.Debug|Any CPU.Build.0 = Debug|Any CPU
		{AF64ED29-7D66-4A0C-9470-6DCDD41DBD80}.Release|Any CPU.ActiveCfg = Release|Any CPU
		{AF64ED29-7D66-4A0C-9470-6DCDD41DBD80}.Release|Any CPU.Build.0 = Release|Any CPU
	EndGlobalSection
	GlobalSection(SolutionProperties) = preSolution
		HideSolutionNode = FALSE
	EndGlobalSection
	GlobalSection(ExtensibilityGlobals) = postSolution
		SolutionGuid = {FC5D96BB-786B-4146-B0CA-A24BB7E526D2}
	EndGlobalSection
EndGlobal
